<Solution>
  <Folder Name="/Database/">
    <File Path="../../../Documents/web.sql" />
    <File Path=".gitignore" />
  </Folder>
  <Project Path="ThaoCamVien-API/ThaoCamVienAPI.csproj" />
  <Project Path="ThaoCamVien-App/ThaoCamVienAPP.csproj" />
  <Project Path="ThaoCamVien/ThaoCamVienWeb.csproj" />
</Solution>
