<Solution>
  <Folder Name="/Database/">
    <File Path="../../../Documents/web.sql" />
    <File Path=".gitignore" />
  </Folder>
  <Project Path="ThaoCamVienAPI/ThaoCamVienAPI.csproj" />
  <Project Path="ThaoCamVienApp/ThaoCamVienAPP.csproj" />
  <Project Path="ThaoCamVienWeb/ThaoCamVienWeb.csproj" />
</Solution>
